
Microsoft Visual Studio Solution File, Format Version 12.00
# Visual Studio Version 17
VisualStudioVersion = 17.0.31919.166
MinimumVisualStudioVersion = 10.0.40219.1
Project("{6EC3EE1D-3C4E-46DD-8F32-0CC8E7565705}") = "asn1scc", "asn1scc\asn1scc.fsproj", "{144D29C3-C0BD-4D2D-81EC-010B03E5532D}"
	ProjectSection(ProjectDependencies) = postProject
		{463CB02E-00DA-43EE-AE8C-C1345F035D08} = {463CB02E-00DA-43EE-AE8C-C1345F035D08}
		{C53502CC-6A71-4664-BF91-1AFF5D49EC67} = {C53502CC-6A71-4664-BF91-1AFF5D49EC67}
		{D2809183-CBF3-4291-AF6E-67A9931B5129} = {D2809183-CBF3-4291-AF6E-67A9931B5129}
		{E648B932-B5BA-4383-8681-D6988E10C954} = {E648B932-B5BA-4383-8681-D6988E10C954}
		{E6F354A2-7365-453A-B88F-0B589B6844E8} = {E6F354A2-7365-453A-B88F-0B589B6844E8}
	EndProjectSection
EndProject
Project("{9A19103F-16F7-4668-BE54-9A1E7A4F7556}") = "Antlr", "Antlr\Antlr.csproj", "{E648B932-B5BA-4383-8681-D6988E10C954}"
EndProject
Project("{9A19103F-16F7-4668-BE54-9A1E7A4F7556}") = "parseStg2", "parseStg2\parseStg2.csproj", "{463CB02E-00DA-43EE-AE8C-C1345F035D08}"
EndProject
Project("{6EC3EE1D-3C4E-46DD-8F32-0CC8E7565705}") = "ST", "ST\ST.fsproj", "{D96F44D5-DD4A-433F-B0D0-10680E01311C}"
EndProject
Project("{6EC3EE1D-3C4E-46DD-8F32-0CC8E7565705}") = "CommonTypes", "CommonTypes\CommonTypes.fsproj", "{D2809183-CBF3-4291-AF6E-67A9931B5129}"
EndProject
Project("{6EC3EE1D-3C4E-46DD-8F32-0CC8E7565705}") = "StgVarious", "StgVarious\StgVarious.fsproj", "{643494DD-76DD-4574-AF4C-394FEE80745E}"
EndProject
Project("{6EC3EE1D-3C4E-46DD-8F32-0CC8E7565705}") = "StgAda", "StgAda\StgAda.fsproj", "{71ACEEF0-1156-46CD-9C24-6A670B192AE2}"
EndProject
Project("{6EC3EE1D-3C4E-46DD-8F32-0CC8E7565705}") = "StgC", "StgC\StgC.fsproj", "{31FC3BF7-25A7-402F-991B-16C23375A32C}"
EndProject
Project("{6EC3EE1D-3C4E-46DD-8F32-0CC8E7565705}") = "FrontEndAst", "FrontEndAst\FrontEndAst.fsproj", "{C53502CC-6A71-4664-BF91-1AFF5D49EC67}"
EndProject
Project("{6EC3EE1D-3C4E-46DD-8F32-0CC8E7565705}") = "BackendAst", "BackendAst\BackendAst.fsproj", "{E6F354A2-7365-453A-B88F-0B589B6844E8}"
	ProjectSection(ProjectDependencies) = postProject
		{C53502CC-6A71-4664-BF91-1AFF5D49EC67} = {C53502CC-6A71-4664-BF91-1AFF5D49EC67}
	EndProjectSection
EndProject
Project("{6EC3EE1D-3C4E-46DD-8F32-0CC8E7565705}") = "Asn1sccWs", "Asn1sccWs\Asn1sccWs.fsproj", "{AD7DD189-E244-4228-B7E4-8756849096D0}"
EndProject
Project("{9A19103F-16F7-4668-BE54-9A1E7A4F7556}") = "Server", "lsp\Server\Server\Server.csproj", "{5637D206-32D6-440C-9007-11E74AFF91BB}"
EndProject
Project("{6EC3EE1D-3C4E-46DD-8F32-0CC8E7565705}") = "regression", "regression\regression.fsproj", "{FDEA182A-E1CD-441A-BFA5-D4185A967FF5}"
EndProject
Project("{6EC3EE1D-3C4E-46DD-8F32-0CC8E7565705}") = "StgScala", "StgScala\StgScala.fsproj", "{4192CBE0-A853-42E5-8372-B9C6A6DFCF00}"
EndProject
Project("{8BC9CEB8-8B4A-11D0-8D11-00A0C91BC942}") = "GeneratedOutput", "GeneratedOutput\GeneratedOutput.vcxproj", "{6A85C6A2-EE8F-48A9-9CB0-F74AB5065ECD}"
EndProject
Project("{2150E333-8FDC-42A3-9474-1A3956D46DE8}") = "GenScala", "GenScala", "{200CBAF9-1352-47A4-B59A-C32E9598AD4F}"
EndProject
Project("{2150E333-8FDC-42A3-9474-1A3956D46DE8}") = "Inputs", "Inputs", "{985DDF72-E427-4E7E-8580-1C44273F9C03}"
	ProjectSection(SolutionItems) = preProject
		Inputs\Samples\simpleMsg.asn = Inputs\Samples\simpleMsg.asn
	EndProjectSection
EndProject
Project("{2150E333-8FDC-42A3-9474-1A3956D46DE8}") = "5.1", "5.1", "{57465EA1-D207-4EED-83A4-EE8B39C12B42}"
	ProjectSection(SolutionItems) = preProject
		Inputs\PUSInput\service-5-1\ApplicationProcess.asn1 = Inputs\PUSInput\service-5-1\ApplicationProcess.asn1
		Inputs\PUSInput\service-5-1\Dummy.asn1 = Inputs\PUSInput\service-5-1\Dummy.asn1
		Inputs\PUSInput\service-5-1\EventDefinition.asn1 = Inputs\PUSInput\service-5-1\EventDefinition.asn1
		Inputs\PUSInput\service-5-1\PUS-5-1.asn1 = Inputs\PUSInput\service-5-1\PUS-5-1.asn1
	EndProjectSection
EndProject
Project("{2150E333-8FDC-42A3-9474-1A3956D46DE8}") = "Simple", "Simple", "{4DEEB89E-1E99-4DB3-9FDE-97E9023EE300}"
	ProjectSection(SolutionItems) = preProject
		GenScala\simple\asn1jvm.scala = GenScala\simple\asn1scala\asn1jvm.scala
		GenScala\simple\asn1jvm_encoding.scala = GenScala\simple\asn1scala\asn1jvm_encoding.scala
		GenScala\simple\asn1jvm_encoding_uper.scala = GenScala\simple\asn1scala\asn1jvm_encoding_uper.scala
		GenScala\simple\simpleMsg.scala = GenScala\simple\asn1src\simpleMsg.scala
		GenScala\simple\simpleMsgDef.scala = GenScala\simple\asn1src\simpleMsgDef.scala
	EndProjectSection
EndProject
Project("{2150E333-8FDC-42A3-9474-1A3956D46DE8}") = "5-1", "5-1", "{2095C65C-AC59-4D3A-A894-4FFC22D159D7}"
	ProjectSection(SolutionItems) = preProject
		GenScala\PUSC_5_1\src\main\scala\asn1scala\asn1jvm_encoding.scala = GenScala\PUSC_5_1\src\main\scala\asn1scala\asn1jvm_encoding.scala
		GenScala\PUSC_5_1\src\main\scala\asn1scala\asn1jvm_encoding_uper.scala = GenScala\PUSC_5_1\src\main\scala\asn1scala\asn1jvm_encoding_uper.scala
		GenScala\PUSC_5_1\src\main\scala\asn1scala\asn1jvm.scala = GenScala\PUSC_5_1\src\main\scala\asn1scala\asn1jvm.scala
		GenScala\PUSC_5_1\src\main\scala\asn1src\PUS-5-1.scala = GenScala\PUSC_5_1\src\main\scala\asn1src\PUS-5-1.scala
		GenScala\PUSC_5_1\src\main\scala\asn1src\PUS-5-1Def.scala = GenScala\PUSC_5_1\src\main\scala\asn1src\PUS-5-1Def.scala
		GenScala\PUSC_5_1\src\main\scala\asn1src\DummyDef.scala = GenScala\PUSC_5_1\src\main\scala\asn1src\DummyDef.scala
		GenScala\PUSC_5_1\src\main\scala\asn1src\EventDefinition.scala = GenScala\PUSC_5_1\src\main\scala\asn1src\EventDefinition.scala
		GenScala\PUSC_5_1\src\main\scala\asn1src\EventDefinitionDef.scala = GenScala\PUSC_5_1\src\main\scala\asn1src\EventDefinitionDef.scala
		GenScala\PUSC_5_1\src\main\scala\asn1src\ApplicationProcessDef.scala = GenScala\PUSC_5_1\src\main\scala\asn1src\ApplicationProcessDef.scala
		GenScala\PUSC_5_1\src\main\scala\asn1src\ApplicationProcess.scala = GenScala\PUSC_5_1\src\main\scala\asn1src\ApplicationProcess.scala
		GenScala\PUSC_5_1\src\main\scala\asn1src\Dummy.scala = GenScala\PUSC_5_1\src\main\scala\asn1src\Dummy.scala
	EndProjectSection
EndProject
Global
	GlobalSection(SolutionConfigurationPlatforms) = preSolution
		Debug|Any CPU = Debug|Any CPU
		Debug|x64 = Debug|x64
		Debug|x86 = Debug|x86
		Release|Any CPU = Release|Any CPU
		Release|x64 = Release|x64
		Release|x86 = Release|x86
	EndGlobalSection
	GlobalSection(ProjectConfigurationPlatforms) = postSolution
		{144D29C3-C0BD-4D2D-81EC-010B03E5532D}.Debug|Any CPU.ActiveCfg = Debug|Any CPU
		{144D29C3-C0BD-4D2D-81EC-010B03E5532D}.Debug|Any CPU.Build.0 = Debug|Any CPU
		{144D29C3-C0BD-4D2D-81EC-010B03E5532D}.Debug|x64.ActiveCfg = Debug|Any CPU
		{144D29C3-C0BD-4D2D-81EC-010B03E5532D}.Debug|x64.Build.0 = Debug|Any CPU
		{144D29C3-C0BD-4D2D-81EC-010B03E5532D}.Debug|x86.ActiveCfg = Debug|Any CPU
		{144D29C3-C0BD-4D2D-81EC-010B03E5532D}.Debug|x86.Build.0 = Debug|Any CPU
		{144D29C3-C0BD-4D2D-81EC-010B03E5532D}.Release|Any CPU.ActiveCfg = Release|Any CPU
		{144D29C3-C0BD-4D2D-81EC-010B03E5532D}.Release|Any CPU.Build.0 = Release|Any CPU
		{144D29C3-C0BD-4D2D-81EC-010B03E5532D}.Release|x64.ActiveCfg = Release|Any CPU
		{144D29C3-C0BD-4D2D-81EC-010B03E5532D}.Release|x64.Build.0 = Release|Any CPU
		{144D29C3-C0BD-4D2D-81EC-010B03E5532D}.Release|x86.ActiveCfg = Release|Any CPU
		{144D29C3-C0BD-4D2D-81EC-010B03E5532D}.Release|x86.Build.0 = Release|Any CPU
		{E648B932-B5BA-4383-8681-D6988E10C954}.Debug|Any CPU.ActiveCfg = Debug|Any CPU
		{E648B932-B5BA-4383-8681-D6988E10C954}.Debug|Any CPU.Build.0 = Debug|Any CPU
		{E648B932-B5BA-4383-8681-D6988E10C954}.Debug|x64.ActiveCfg = Debug|Any CPU
		{E648B932-B5BA-4383-8681-D6988E10C954}.Debug|x64.Build.0 = Debug|Any CPU
		{E648B932-B5BA-4383-8681-D6988E10C954}.Debug|x86.ActiveCfg = Debug|Any CPU
		{E648B932-B5BA-4383-8681-D6988E10C954}.Debug|x86.Build.0 = Debug|Any CPU
		{E648B932-B5BA-4383-8681-D6988E10C954}.Release|Any CPU.ActiveCfg = Release|Any CPU
		{E648B932-B5BA-4383-8681-D6988E10C954}.Release|Any CPU.Build.0 = Release|Any CPU
		{E648B932-B5BA-4383-8681-D6988E10C954}.Release|x64.ActiveCfg = Release|Any CPU
		{E648B932-B5BA-4383-8681-D6988E10C954}.Release|x64.Build.0 = Release|Any CPU
		{E648B932-B5BA-4383-8681-D6988E10C954}.Release|x86.ActiveCfg = Release|Any CPU
		{E648B932-B5BA-4383-8681-D6988E10C954}.Release|x86.Build.0 = Release|Any CPU
		{463CB02E-00DA-43EE-AE8C-C1345F035D08}.Debug|Any CPU.ActiveCfg = Debug|Any CPU
		{463CB02E-00DA-43EE-AE8C-C1345F035D08}.Debug|Any CPU.Build.0 = Debug|Any CPU
		{463CB02E-00DA-43EE-AE8C-C1345F035D08}.Debug|x64.ActiveCfg = Debug|Any CPU
		{463CB02E-00DA-43EE-AE8C-C1345F035D08}.Debug|x64.Build.0 = Debug|Any CPU
		{463CB02E-00DA-43EE-AE8C-C1345F035D08}.Debug|x86.ActiveCfg = Debug|Any CPU
		{463CB02E-00DA-43EE-AE8C-C1345F035D08}.Debug|x86.Build.0 = Debug|Any CPU
		{463CB02E-00DA-43EE-AE8C-C1345F035D08}.Release|Any CPU.ActiveCfg = Release|Any CPU
		{463CB02E-00DA-43EE-AE8C-C1345F035D08}.Release|Any CPU.Build.0 = Release|Any CPU
		{463CB02E-00DA-43EE-AE8C-C1345F035D08}.Release|x64.ActiveCfg = Release|Any CPU
		{463CB02E-00DA-43EE-AE8C-C1345F035D08}.Release|x64.Build.0 = Release|Any CPU
		{463CB02E-00DA-43EE-AE8C-C1345F035D08}.Release|x86.ActiveCfg = Release|Any CPU
		{463CB02E-00DA-43EE-AE8C-C1345F035D08}.Release|x86.Build.0 = Release|Any CPU
		{D96F44D5-DD4A-433F-B0D0-10680E01311C}.Debug|Any CPU.ActiveCfg = Debug|Any CPU
		{D96F44D5-DD4A-433F-B0D0-10680E01311C}.Debug|Any CPU.Build.0 = Debug|Any CPU
		{D96F44D5-DD4A-433F-B0D0-10680E01311C}.Debug|x64.ActiveCfg = Debug|Any CPU
		{D96F44D5-DD4A-433F-B0D0-10680E01311C}.Debug|x64.Build.0 = Debug|Any CPU
		{D96F44D5-DD4A-433F-B0D0-10680E01311C}.Debug|x86.ActiveCfg = Debug|Any CPU
		{D96F44D5-DD4A-433F-B0D0-10680E01311C}.Debug|x86.Build.0 = Debug|Any CPU
		{D96F44D5-DD4A-433F-B0D0-10680E01311C}.Release|Any CPU.ActiveCfg = Release|Any CPU
		{D96F44D5-DD4A-433F-B0D0-10680E01311C}.Release|Any CPU.Build.0 = Release|Any CPU
		{D96F44D5-DD4A-433F-B0D0-10680E01311C}.Release|x64.ActiveCfg = Release|Any CPU
		{D96F44D5-DD4A-433F-B0D0-10680E01311C}.Release|x64.Build.0 = Release|Any CPU
		{D96F44D5-DD4A-433F-B0D0-10680E01311C}.Release|x86.ActiveCfg = Release|Any CPU
		{D96F44D5-DD4A-433F-B0D0-10680E01311C}.Release|x86.Build.0 = Release|Any CPU
		{D2809183-CBF3-4291-AF6E-67A9931B5129}.Debug|Any CPU.ActiveCfg = Debug|Any CPU
		{D2809183-CBF3-4291-AF6E-67A9931B5129}.Debug|Any CPU.Build.0 = Debug|Any CPU
		{D2809183-CBF3-4291-AF6E-67A9931B5129}.Debug|x64.ActiveCfg = Debug|Any CPU
		{D2809183-CBF3-4291-AF6E-67A9931B5129}.Debug|x64.Build.0 = Debug|Any CPU
		{D2809183-CBF3-4291-AF6E-67A9931B5129}.Debug|x86.ActiveCfg = Debug|Any CPU
		{D2809183-CBF3-4291-AF6E-67A9931B5129}.Debug|x86.Build.0 = Debug|Any CPU
		{D2809183-CBF3-4291-AF6E-67A9931B5129}.Release|Any CPU.ActiveCfg = Release|Any CPU
		{D2809183-CBF3-4291-AF6E-67A9931B5129}.Release|Any CPU.Build.0 = Release|Any CPU
		{D2809183-CBF3-4291-AF6E-67A9931B5129}.Release|x64.ActiveCfg = Release|Any CPU
		{D2809183-CBF3-4291-AF6E-67A9931B5129}.Release|x64.Build.0 = Release|Any CPU
		{D2809183-CBF3-4291-AF6E-67A9931B5129}.Release|x86.ActiveCfg = Release|Any CPU
		{D2809183-CBF3-4291-AF6E-67A9931B5129}.Release|x86.Build.0 = Release|Any CPU
		{643494DD-76DD-4574-AF4C-394FEE80745E}.Debug|Any CPU.ActiveCfg = Debug|Any CPU
		{643494DD-76DD-4574-AF4C-394FEE80745E}.Debug|Any CPU.Build.0 = Debug|Any CPU
		{643494DD-76DD-4574-AF4C-394FEE80745E}.Debug|x64.ActiveCfg = Debug|Any CPU
		{643494DD-76DD-4574-AF4C-394FEE80745E}.Debug|x64.Build.0 = Debug|Any CPU
		{643494DD-76DD-4574-AF4C-394FEE80745E}.Debug|x86.ActiveCfg = Debug|Any CPU
		{643494DD-76DD-4574-AF4C-394FEE80745E}.Debug|x86.Build.0 = Debug|Any CPU
		{643494DD-76DD-4574-AF4C-394FEE80745E}.Release|Any CPU.ActiveCfg = Release|Any CPU
		{643494DD-76DD-4574-AF4C-394FEE80745E}.Release|Any CPU.Build.0 = Release|Any CPU
		{643494DD-76DD-4574-AF4C-394FEE80745E}.Release|x64.ActiveCfg = Release|Any CPU
		{643494DD-76DD-4574-AF4C-394FEE80745E}.Release|x64.Build.0 = Release|Any CPU
		{643494DD-76DD-4574-AF4C-394FEE80745E}.Release|x86.ActiveCfg = Release|Any CPU
		{643494DD-76DD-4574-AF4C-394FEE80745E}.Release|x86.Build.0 = Release|Any CPU
		{71ACEEF0-1156-46CD-9C24-6A670B192AE2}.Debug|Any CPU.ActiveCfg = Debug|Any CPU
		{71ACEEF0-1156-46CD-9C24-6A670B192AE2}.Debug|Any CPU.Build.0 = Debug|Any CPU
		{71ACEEF0-1156-46CD-9C24-6A670B192AE2}.Debug|x64.ActiveCfg = Debug|Any CPU
		{71ACEEF0-1156-46CD-9C24-6A670B192AE2}.Debug|x64.Build.0 = Debug|Any CPU
		{71ACEEF0-1156-46CD-9C24-6A670B192AE2}.Debug|x86.ActiveCfg = Debug|Any CPU
		{71ACEEF0-1156-46CD-9C24-6A670B192AE2}.Debug|x86.Build.0 = Debug|Any CPU
		{71ACEEF0-1156-46CD-9C24-6A670B192AE2}.Release|Any CPU.ActiveCfg = Release|Any CPU
		{71ACEEF0-1156-46CD-9C24-6A670B192AE2}.Release|Any CPU.Build.0 = Release|Any CPU
		{71ACEEF0-1156-46CD-9C24-6A670B192AE2}.Release|x64.ActiveCfg = Release|Any CPU
		{71ACEEF0-1156-46CD-9C24-6A670B192AE2}.Release|x64.Build.0 = Release|Any CPU
		{71ACEEF0-1156-46CD-9C24-6A670B192AE2}.Release|x86.ActiveCfg = Release|Any CPU
		{71ACEEF0-1156-46CD-9C24-6A670B192AE2}.Release|x86.Build.0 = Release|Any CPU
		{31FC3BF7-25A7-402F-991B-16C23375A32C}.Debug|Any CPU.ActiveCfg = Debug|Any CPU
		{31FC3BF7-25A7-402F-991B-16C23375A32C}.Debug|Any CPU.Build.0 = Debug|Any CPU
		{31FC3BF7-25A7-402F-991B-16C23375A32C}.Debug|x64.ActiveCfg = Debug|Any CPU
		{31FC3BF7-25A7-402F-991B-16C23375A32C}.Debug|x64.Build.0 = Debug|Any CPU
		{31FC3BF7-25A7-402F-991B-16C23375A32C}.Debug|x86.ActiveCfg = Debug|Any CPU
		{31FC3BF7-25A7-402F-991B-16C23375A32C}.Debug|x86.Build.0 = Debug|Any CPU
		{31FC3BF7-25A7-402F-991B-16C23375A32C}.Release|Any CPU.ActiveCfg = Release|Any CPU
		{31FC3BF7-25A7-402F-991B-16C23375A32C}.Release|Any CPU.Build.0 = Release|Any CPU
		{31FC3BF7-25A7-402F-991B-16C23375A32C}.Release|x64.ActiveCfg = Release|Any CPU
		{31FC3BF7-25A7-402F-991B-16C23375A32C}.Release|x64.Build.0 = Release|Any CPU
		{31FC3BF7-25A7-402F-991B-16C23375A32C}.Release|x86.ActiveCfg = Release|Any CPU
		{31FC3BF7-25A7-402F-991B-16C23375A32C}.Release|x86.Build.0 = Release|Any CPU
		{C53502CC-6A71-4664-BF91-1AFF5D49EC67}.Debug|Any CPU.ActiveCfg = Debug|Any CPU
		{C53502CC-6A71-4664-BF91-1AFF5D49EC67}.Debug|Any CPU.Build.0 = Debug|Any CPU
		{C53502CC-6A71-4664-BF91-1AFF5D49EC67}.Debug|x64.ActiveCfg = Debug|Any CPU
		{C53502CC-6A71-4664-BF91-1AFF5D49EC67}.Debug|x64.Build.0 = Debug|Any CPU
		{C53502CC-6A71-4664-BF91-1AFF5D49EC67}.Debug|x86.ActiveCfg = Debug|Any CPU
		{C53502CC-6A71-4664-BF91-1AFF5D49EC67}.Debug|x86.Build.0 = Debug|Any CPU
		{C53502CC-6A71-4664-BF91-1AFF5D49EC67}.Release|Any CPU.ActiveCfg = Release|Any CPU
		{C53502CC-6A71-4664-BF91-1AFF5D49EC67}.Release|Any CPU.Build.0 = Release|Any CPU
		{C53502CC-6A71-4664-BF91-1AFF5D49EC67}.Release|x64.ActiveCfg = Release|Any CPU
		{C53502CC-6A71-4664-BF91-1AFF5D49EC67}.Release|x64.Build.0 = Release|Any CPU
		{C53502CC-6A71-4664-BF91-1AFF5D49EC67}.Release|x86.ActiveCfg = Release|Any CPU
		{C53502CC-6A71-4664-BF91-1AFF5D49EC67}.Release|x86.Build.0 = Release|Any CPU
		{E6F354A2-7365-453A-B88F-0B589B6844E8}.Debug|Any CPU.ActiveCfg = Debug|Any CPU
		{E6F354A2-7365-453A-B88F-0B589B6844E8}.Debug|Any CPU.Build.0 = Debug|Any CPU
		{E6F354A2-7365-453A-B88F-0B589B6844E8}.Debug|x64.ActiveCfg = Debug|Any CPU
		{E6F354A2-7365-453A-B88F-0B589B6844E8}.Debug|x64.Build.0 = Debug|Any CPU
		{E6F354A2-7365-453A-B88F-0B589B6844E8}.Debug|x86.ActiveCfg = Debug|Any CPU
		{E6F354A2-7365-453A-B88F-0B589B6844E8}.Debug|x86.Build.0 = Debug|Any CPU
		{E6F354A2-7365-453A-B88F-0B589B6844E8}.Release|Any CPU.ActiveCfg = Release|Any CPU
		{E6F354A2-7365-453A-B88F-0B589B6844E8}.Release|Any CPU.Build.0 = Release|Any CPU
		{E6F354A2-7365-453A-B88F-0B589B6844E8}.Release|x64.ActiveCfg = Release|Any CPU
		{E6F354A2-7365-453A-B88F-0B589B6844E8}.Release|x64.Build.0 = Release|Any CPU
		{E6F354A2-7365-453A-B88F-0B589B6844E8}.Release|x86.ActiveCfg = Release|Any CPU
		{E6F354A2-7365-453A-B88F-0B589B6844E8}.Release|x86.Build.0 = Release|Any CPU
		{AD7DD189-E244-4228-B7E4-8756849096D0}.Debug|Any CPU.ActiveCfg = Debug|Any CPU
		{AD7DD189-E244-4228-B7E4-8756849096D0}.Debug|Any CPU.Build.0 = Debug|Any CPU
		{AD7DD189-E244-4228-B7E4-8756849096D0}.Debug|x64.ActiveCfg = Debug|Any CPU
		{AD7DD189-E244-4228-B7E4-8756849096D0}.Debug|x64.Build.0 = Debug|Any CPU
		{AD7DD189-E244-4228-B7E4-8756849096D0}.Debug|x86.ActiveCfg = Debug|Any CPU
		{AD7DD189-E244-4228-B7E4-8756849096D0}.Debug|x86.Build.0 = Debug|Any CPU
		{AD7DD189-E244-4228-B7E4-8756849096D0}.Release|Any CPU.ActiveCfg = Release|Any CPU
		{AD7DD189-E244-4228-B7E4-8756849096D0}.Release|Any CPU.Build.0 = Release|Any CPU
		{AD7DD189-E244-4228-B7E4-8756849096D0}.Release|x64.ActiveCfg = Release|Any CPU
		{AD7DD189-E244-4228-B7E4-8756849096D0}.Release|x64.Build.0 = Release|Any CPU
		{AD7DD189-E244-4228-B7E4-8756849096D0}.Release|x86.ActiveCfg = Release|Any CPU
		{AD7DD189-E244-4228-B7E4-8756849096D0}.Release|x86.Build.0 = Release|Any CPU
		{5637D206-32D6-440C-9007-11E74AFF91BB}.Debug|Any CPU.ActiveCfg = Debug|Any CPU
		{5637D206-32D6-440C-9007-11E74AFF91BB}.Debug|Any CPU.Build.0 = Debug|Any CPU
		{5637D206-32D6-440C-9007-11E74AFF91BB}.Debug|x64.ActiveCfg = Debug|Any CPU
		{5637D206-32D6-440C-9007-11E74AFF91BB}.Debug|x64.Build.0 = Debug|Any CPU
		{5637D206-32D6-440C-9007-11E74AFF91BB}.Debug|x86.ActiveCfg = Debug|Any CPU
		{5637D206-32D6-440C-9007-11E74AFF91BB}.Debug|x86.Build.0 = Debug|Any CPU
		{5637D206-32D6-440C-9007-11E74AFF91BB}.Release|Any CPU.ActiveCfg = Release|Any CPU
		{5637D206-32D6-440C-9007-11E74AFF91BB}.Release|Any CPU.Build.0 = Release|Any CPU
		{5637D206-32D6-440C-9007-11E74AFF91BB}.Release|x64.ActiveCfg = Release|Any CPU
		{5637D206-32D6-440C-9007-11E74AFF91BB}.Release|x64.Build.0 = Release|Any CPU
		{5637D206-32D6-440C-9007-11E74AFF91BB}.Release|x86.ActiveCfg = Release|Any CPU
		{5637D206-32D6-440C-9007-11E74AFF91BB}.Release|x86.Build.0 = Release|Any CPU
		{FDEA182A-E1CD-441A-BFA5-D4185A967FF5}.Debug|Any CPU.ActiveCfg = Debug|Any CPU
		{FDEA182A-E1CD-441A-BFA5-D4185A967FF5}.Debug|Any CPU.Build.0 = Debug|Any CPU
		{FDEA182A-E1CD-441A-BFA5-D4185A967FF5}.Debug|x64.ActiveCfg = Debug|Any CPU
		{FDEA182A-E1CD-441A-BFA5-D4185A967FF5}.Debug|x64.Build.0 = Debug|Any CPU
		{FDEA182A-E1CD-441A-BFA5-D4185A967FF5}.Debug|x86.ActiveCfg = Debug|Any CPU
		{FDEA182A-E1CD-441A-BFA5-D4185A967FF5}.Debug|x86.Build.0 = Debug|Any CPU
		{FDEA182A-E1CD-441A-BFA5-D4185A967FF5}.Release|Any CPU.ActiveCfg = Release|Any CPU
		{FDEA182A-E1CD-441A-BFA5-D4185A967FF5}.Release|Any CPU.Build.0 = Release|Any CPU
		{FDEA182A-E1CD-441A-BFA5-D4185A967FF5}.Release|x64.ActiveCfg = Release|Any CPU
		{FDEA182A-E1CD-441A-BFA5-D4185A967FF5}.Release|x64.Build.0 = Release|Any CPU
		{FDEA182A-E1CD-441A-BFA5-D4185A967FF5}.Release|x86.ActiveCfg = Release|Any CPU
		{FDEA182A-E1CD-441A-BFA5-D4185A967FF5}.Release|x86.Build.0 = Release|Any CPU
		{4192CBE0-A853-42E5-8372-B9C6A6DFCF00}.Debug|Any CPU.ActiveCfg = Debug|Any CPU
		{4192CBE0-A853-42E5-8372-B9C6A6DFCF00}.Debug|Any CPU.Build.0 = Debug|Any CPU
		{4192CBE0-A853-42E5-8372-B9C6A6DFCF00}.Debug|x64.ActiveCfg = Debug|Any CPU
		{4192CBE0-A853-42E5-8372-B9C6A6DFCF00}.Debug|x64.Build.0 = Debug|Any CPU
		{4192CBE0-A853-42E5-8372-B9C6A6DFCF00}.Debug|x86.ActiveCfg = Debug|Any CPU
		{4192CBE0-A853-42E5-8372-B9C6A6DFCF00}.Debug|x86.Build.0 = Debug|Any CPU
		{4192CBE0-A853-42E5-8372-B9C6A6DFCF00}.Release|Any CPU.ActiveCfg = Release|Any CPU
		{4192CBE0-A853-42E5-8372-B9C6A6DFCF00}.Release|Any CPU.Build.0 = Release|Any CPU
		{4192CBE0-A853-42E5-8372-B9C6A6DFCF00}.Release|x64.ActiveCfg = Release|Any CPU
		{4192CBE0-A853-42E5-8372-B9C6A6DFCF00}.Release|x64.Build.0 = Release|Any CPU
		{4192CBE0-A853-42E5-8372-B9C6A6DFCF00}.Release|x86.ActiveCfg = Release|Any CPU
		{4192CBE0-A853-42E5-8372-B9C6A6DFCF00}.Release|x86.Build.0 = Release|Any CPU
		{6A85C6A2-EE8F-48A9-9CB0-F74AB5065ECD}.Debug|Any CPU.ActiveCfg = Debug|x64
		{6A85C6A2-EE8F-48A9-9CB0-F74AB5065ECD}.Debug|Any CPU.Build.0 = Debug|x64
		{6A85C6A2-EE8F-48A9-9CB0-F74AB5065ECD}.Debug|x64.ActiveCfg = Debug|x64
		{6A85C6A2-EE8F-48A9-9CB0-F74AB5065ECD}.Debug|x64.Build.0 = Debug|x64
		{6A85C6A2-EE8F-48A9-9CB0-F74AB5065ECD}.Debug|x86.ActiveCfg = Debug|Win32
		{6A85C6A2-EE8F-48A9-9CB0-F74AB5065ECD}.Debug|x86.Build.0 = Debug|Win32
		{6A85C6A2-EE8F-48A9-9CB0-F74AB5065ECD}.Release|Any CPU.ActiveCfg = Release|x64
		{6A85C6A2-EE8F-48A9-9CB0-F74AB5065ECD}.Release|Any CPU.Build.0 = Release|x64
		{6A85C6A2-EE8F-48A9-9CB0-F74AB5065ECD}.Release|x64.ActiveCfg = Release|x64
		{6A85C6A2-EE8F-48A9-9CB0-F74AB5065ECD}.Release|x64.Build.0 = Release|x64
		{6A85C6A2-EE8F-48A9-9CB0-F74AB5065ECD}.Release|x86.ActiveCfg = Release|Win32
		{6A85C6A2-EE8F-48A9-9CB0-F74AB5065ECD}.Release|x86.Build.0 = Release|Win32
	EndGlobalSection
	GlobalSection(SolutionProperties) = preSolution
		HideSolutionNode = FALSE
	EndGlobalSection
	GlobalSection(NestedProjects) = preSolution
		{57465EA1-D207-4EED-83A4-EE8B39C12B42} = {985DDF72-E427-4E7E-8580-1C44273F9C03}
		{4DEEB89E-1E99-4DB3-9FDE-97E9023EE300} = {200CBAF9-1352-47A4-B59A-C32E9598AD4F}
		{2095C65C-AC59-4D3A-A894-4FFC22D159D7} = {200CBAF9-1352-47A4-B59A-C32E9598AD4F}
	EndGlobalSection
	GlobalSection(ExtensibilityGlobals) = postSolution
		SolutionGuid = {257CF62D-31FE-4325-899E-BAD6DB9BA2DE}
	EndGlobalSection
EndGlobal
