
Microsoft Visual Studio Solution File, Format Version 12.00
# Visual Studio 14
VisualStudioVersion = 14.0.25420.1
MinimumVisualStudioVersion = 10.0.40219.1
Project("{2150E333-8FDC-42A3-9474-1A3956D46DE8}") = "Solution Items", "Solution Items", "{2633C5D7-E468-42D9-B25B-3C5EEBB4D536}"
	ProjectSection(SolutionItems) = preProject
		Asn1.vsmdi = Asn1.vsmdi
		Local.testsettings = Local.testsettings
		TraceAndTestImpact.testsettings = TraceAndTestImpact.testsettings
	EndProjectSection
EndProject
Project("{FAE04EC0-301F-11D3-BF4B-00C04F79EFBC}") = "parseStg2", "parseStg2\parseStg2.csproj", "{4112E7C9-0E9C-41DB-88C3-D5911C1D89D5}"
EndProject
Project("{FAE04EC0-301F-11D3-BF4B-00C04F79EFBC}") = "Antlr", "Antlr\Antlr.csproj", "{A1882F1D-5185-407C-8227-1E2B69BAADE9}"
EndProject
Project("{F2A71F9B-5D33-465A-A702-920D77279786}") = "Ast", "Ast\Ast.fsproj", "{3B67372A-65C7-439E-849F-CE1A1D2FCC69}"
EndProject
Project("{FAE04EC0-301F-11D3-BF4B-00C04F79EFBC}") = "Asn1f2", "Asn1f2\Asn1f2.csproj", "{9FC95EBA-A745-4C0D-BF4E-53497E066D1C}"
EndProject
Project("{F2A71F9B-5D33-465A-A702-920D77279786}") = "Backend2.ST", "Backend2.ST\Backend2.ST.fsproj", "{D451F135-4104-4441-99C1-5C1A6B7C2F91}"
EndProject
Project("{F2A71F9B-5D33-465A-A702-920D77279786}") = "Backend2", "Backend2\Backend2.fsproj", "{000896AE-1E52-4120-8394-0E5E07A8F194}"
EndProject
Project("{F2A71F9B-5D33-465A-A702-920D77279786}") = "Backend.c", "Backend.c\Backend.c.fsproj", "{62BFC3E2-6DC8-4EEE-BCD6-F5634369E57B}"
EndProject
Project("{F2A71F9B-5D33-465A-A702-920D77279786}") = "Backend.c.ST", "Backend.c.ST\Backend.c.ST.fsproj", "{821BE302-634C-465E-9F9A-19DDCA139C9F}"
EndProject
Project("{F2A71F9B-5D33-465A-A702-920D77279786}") = "ST", "ST\ST.fsproj", "{94495D92-B615-4745-B26B-A5EC73A6A462}"
EndProject
Project("{F2A71F9B-5D33-465A-A702-920D77279786}") = "AntlrUtils", "AntlrUtils\AntlrUtils.fsproj", "{DB416047-7207-4816-8DB6-2182BE2E1104}"
EndProject
Project("{8BC9CEB8-8B4A-11D0-8D11-00A0C91BC942}") = "asn1crt", "asn1crt\asn1crt.vcxproj", "{6094FC85-8CE9-4716-9255-41C428F3B9EA}"
EndProject
Project("{F2A71F9B-5D33-465A-A702-920D77279786}") = "BackendAst", "BackendAst\BackendAst.fsproj", "{2F960476-565F-4282-90B3-606DBAC5EFF2}"
EndProject
Project("{F2A71F9B-5D33-465A-A702-920D77279786}") = "StgAda", "StgAda\StgAda.fsproj", "{18B04AEE-C300-4139-A2DE-C3519CC24E94}"
EndProject
Project("{F2A71F9B-5D33-465A-A702-920D77279786}") = "StgC", "StgC\StgC.fsproj", "{A35CB9D7-70B4-41E3-BBA8-7F8263AA3498}"
EndProject
Project("{F2A71F9B-5D33-465A-A702-920D77279786}") = "StgVarious", "StgVarious\StgVarious.fsproj", "{44920B63-4F4D-40E2-A652-66EA7EBD5E80}"
EndProject
Global
	GlobalSection(SolutionConfigurationPlatforms) = preSolution
		Debug|Any CPU = Debug|Any CPU
		Debug|Mixed Platforms = Debug|Mixed Platforms
		Debug|Win32 = Debug|Win32
		Debug|x86 = Debug|x86
		Release|Any CPU = Release|Any CPU
		Release|Mixed Platforms = Release|Mixed Platforms
		Release|Win32 = Release|Win32
		Release|x86 = Release|x86
	EndGlobalSection
	GlobalSection(ProjectConfigurationPlatforms) = postSolution
		{A1882F1D-5185-407C-8227-1E2B69BAADE9}.Debug|Any CPU.ActiveCfg = Debug|Any CPU
		{A1882F1D-5185-407C-8227-1E2B69BAADE9}.Debug|Any CPU.Build.0 = Debug|Any CPU
		{A1882F1D-5185-407C-8227-1E2B69BAADE9}.Debug|Mixed Platforms.ActiveCfg = Debug|Any CPU
		{A1882F1D-5185-407C-8227-1E2B69BAADE9}.Debug|Mixed Platforms.Build.0 = Debug|Any CPU
		{A1882F1D-5185-407C-8227-1E2B69BAADE9}.Debug|Win32.ActiveCfg = Debug|Any CPU
		{A1882F1D-5185-407C-8227-1E2B69BAADE9}.Debug|x86.ActiveCfg = Debug|Any CPU
		{A1882F1D-5185-407C-8227-1E2B69BAADE9}.Release|Any CPU.ActiveCfg = Release|Any CPU
		{A1882F1D-5185-407C-8227-1E2B69BAADE9}.Release|Any CPU.Build.0 = Release|Any CPU
		{A1882F1D-5185-407C-8227-1E2B69BAADE9}.Release|Mixed Platforms.ActiveCfg = Release|Any CPU
		{A1882F1D-5185-407C-8227-1E2B69BAADE9}.Release|Mixed Platforms.Build.0 = Release|Any CPU
		{A1882F1D-5185-407C-8227-1E2B69BAADE9}.Release|Win32.ActiveCfg = Release|Any CPU
		{A1882F1D-5185-407C-8227-1E2B69BAADE9}.Release|x86.ActiveCfg = Release|Any CPU
		{3B67372A-65C7-439E-849F-CE1A1D2FCC69}.Debug|Any CPU.ActiveCfg = Debug|Any CPU
		{3B67372A-65C7-439E-849F-CE1A1D2FCC69}.Debug|Any CPU.Build.0 = Debug|Any CPU
		{3B67372A-65C7-439E-849F-CE1A1D2FCC69}.Debug|Mixed Platforms.ActiveCfg = Debug|Any CPU
		{3B67372A-65C7-439E-849F-CE1A1D2FCC69}.Debug|Mixed Platforms.Build.0 = Debug|Any CPU
		{3B67372A-65C7-439E-849F-CE1A1D2FCC69}.Debug|Win32.ActiveCfg = Debug|Any CPU
		{3B67372A-65C7-439E-849F-CE1A1D2FCC69}.Debug|x86.ActiveCfg = Debug|Any CPU
		{3B67372A-65C7-439E-849F-CE1A1D2FCC69}.Release|Any CPU.ActiveCfg = Release|Any CPU
		{3B67372A-65C7-439E-849F-CE1A1D2FCC69}.Release|Any CPU.Build.0 = Release|Any CPU
		{3B67372A-65C7-439E-849F-CE1A1D2FCC69}.Release|Mixed Platforms.ActiveCfg = Release|Any CPU
		{3B67372A-65C7-439E-849F-CE1A1D2FCC69}.Release|Mixed Platforms.Build.0 = Release|Any CPU
		{3B67372A-65C7-439E-849F-CE1A1D2FCC69}.Release|Win32.ActiveCfg = Release|Any CPU
		{3B67372A-65C7-439E-849F-CE1A1D2FCC69}.Release|x86.ActiveCfg = Release|Any CPU
		{9FC95EBA-A745-4C0D-BF4E-53497E066D1C}.Debug|Any CPU.ActiveCfg = Debug|x86
		{9FC95EBA-A745-4C0D-BF4E-53497E066D1C}.Debug|Mixed Platforms.ActiveCfg = Debug|x86
		{9FC95EBA-A745-4C0D-BF4E-53497E066D1C}.Debug|Mixed Platforms.Build.0 = Debug|x86
		{9FC95EBA-A745-4C0D-BF4E-53497E066D1C}.Debug|Win32.ActiveCfg = Debug|x86
		{9FC95EBA-A745-4C0D-BF4E-53497E066D1C}.Debug|x86.ActiveCfg = Debug|x86
		{9FC95EBA-A745-4C0D-BF4E-53497E066D1C}.Debug|x86.Build.0 = Debug|x86
		{9FC95EBA-A745-4C0D-BF4E-53497E066D1C}.Release|Any CPU.ActiveCfg = Release|x86
		{9FC95EBA-A745-4C0D-BF4E-53497E066D1C}.Release|Mixed Platforms.ActiveCfg = Release|x86
		{9FC95EBA-A745-4C0D-BF4E-53497E066D1C}.Release|Mixed Platforms.Build.0 = Release|x86
		{9FC95EBA-A745-4C0D-BF4E-53497E066D1C}.Release|Win32.ActiveCfg = Release|x86
		{9FC95EBA-A745-4C0D-BF4E-53497E066D1C}.Release|x86.ActiveCfg = Release|x86
		{9FC95EBA-A745-4C0D-BF4E-53497E066D1C}.Release|x86.Build.0 = Release|x86
		{D451F135-4104-4441-99C1-5C1A6B7C2F91}.Debug|Any CPU.ActiveCfg = Debug|Any CPU
		{D451F135-4104-4441-99C1-5C1A6B7C2F91}.Debug|Any CPU.Build.0 = Debug|Any CPU
		{D451F135-4104-4441-99C1-5C1A6B7C2F91}.Debug|Mixed Platforms.ActiveCfg = Debug|Any CPU
		{D451F135-4104-4441-99C1-5C1A6B7C2F91}.Debug|Mixed Platforms.Build.0 = Debug|Any CPU
		{D451F135-4104-4441-99C1-5C1A6B7C2F91}.Debug|Win32.ActiveCfg = Debug|Any CPU
		{D451F135-4104-4441-99C1-5C1A6B7C2F91}.Debug|x86.ActiveCfg = Debug|Any CPU
		{D451F135-4104-4441-99C1-5C1A6B7C2F91}.Release|Any CPU.ActiveCfg = Release|Any CPU
		{D451F135-4104-4441-99C1-5C1A6B7C2F91}.Release|Any CPU.Build.0 = Release|Any CPU
		{D451F135-4104-4441-99C1-5C1A6B7C2F91}.Release|Mixed Platforms.ActiveCfg = Release|Any CPU
		{D451F135-4104-4441-99C1-5C1A6B7C2F91}.Release|Mixed Platforms.Build.0 = Release|Any CPU
		{D451F135-4104-4441-99C1-5C1A6B7C2F91}.Release|Win32.ActiveCfg = Release|Any CPU
		{D451F135-4104-4441-99C1-5C1A6B7C2F91}.Release|x86.ActiveCfg = Release|Any CPU
		{4112E7C9-0E9C-41DB-88C3-D5911C1D89D5}.Debug|Any CPU.ActiveCfg = Debug|x86
		{4112E7C9-0E9C-41DB-88C3-D5911C1D89D5}.Debug|Mixed Platforms.ActiveCfg = Debug|x86
		{4112E7C9-0E9C-41DB-88C3-D5911C1D89D5}.Debug|Mixed Platforms.Build.0 = Debug|x86
		{4112E7C9-0E9C-41DB-88C3-D5911C1D89D5}.Debug|Win32.ActiveCfg = Debug|x86
		{4112E7C9-0E9C-41DB-88C3-D5911C1D89D5}.Debug|x86.ActiveCfg = Debug|x86
		{4112E7C9-0E9C-41DB-88C3-D5911C1D89D5}.Debug|x86.Build.0 = Debug|x86
		{4112E7C9-0E9C-41DB-88C3-D5911C1D89D5}.Release|Any CPU.ActiveCfg = Release|x86
		{4112E7C9-0E9C-41DB-88C3-D5911C1D89D5}.Release|Mixed Platforms.ActiveCfg = Release|x86
		{4112E7C9-0E9C-41DB-88C3-D5911C1D89D5}.Release|Mixed Platforms.Build.0 = Release|x86
		{4112E7C9-0E9C-41DB-88C3-D5911C1D89D5}.Release|Win32.ActiveCfg = Release|x86
		{4112E7C9-0E9C-41DB-88C3-D5911C1D89D5}.Release|x86.ActiveCfg = Release|x86
		{4112E7C9-0E9C-41DB-88C3-D5911C1D89D5}.Release|x86.Build.0 = Release|x86
		{000896AE-1E52-4120-8394-0E5E07A8F194}.Debug|Any CPU.ActiveCfg = Debug|Any CPU
		{000896AE-1E52-4120-8394-0E5E07A8F194}.Debug|Any CPU.Build.0 = Debug|Any CPU
		{000896AE-1E52-4120-8394-0E5E07A8F194}.Debug|Mixed Platforms.ActiveCfg = Debug|Any CPU
		{000896AE-1E52-4120-8394-0E5E07A8F194}.Debug|Mixed Platforms.Build.0 = Debug|Any CPU
		{000896AE-1E52-4120-8394-0E5E07A8F194}.Debug|Win32.ActiveCfg = Debug|Any CPU
		{000896AE-1E52-4120-8394-0E5E07A8F194}.Debug|x86.ActiveCfg = Debug|Any CPU
		{000896AE-1E52-4120-8394-0E5E07A8F194}.Release|Any CPU.ActiveCfg = Release|Any CPU
		{000896AE-1E52-4120-8394-0E5E07A8F194}.Release|Any CPU.Build.0 = Release|Any CPU
		{000896AE-1E52-4120-8394-0E5E07A8F194}.Release|Mixed Platforms.ActiveCfg = Release|Any CPU
		{000896AE-1E52-4120-8394-0E5E07A8F194}.Release|Mixed Platforms.Build.0 = Release|Any CPU
		{000896AE-1E52-4120-8394-0E5E07A8F194}.Release|Win32.ActiveCfg = Release|Any CPU
		{000896AE-1E52-4120-8394-0E5E07A8F194}.Release|x86.ActiveCfg = Release|Any CPU
		{62BFC3E2-6DC8-4EEE-BCD6-F5634369E57B}.Debug|Any CPU.ActiveCfg = Debug|Any CPU
		{62BFC3E2-6DC8-4EEE-BCD6-F5634369E57B}.Debug|Any CPU.Build.0 = Debug|Any CPU
		{62BFC3E2-6DC8-4EEE-BCD6-F5634369E57B}.Debug|Mixed Platforms.ActiveCfg = Debug|Any CPU
		{62BFC3E2-6DC8-4EEE-BCD6-F5634369E57B}.Debug|Mixed Platforms.Build.0 = Debug|Any CPU
		{62BFC3E2-6DC8-4EEE-BCD6-F5634369E57B}.Debug|Win32.ActiveCfg = Debug|Any CPU
		{62BFC3E2-6DC8-4EEE-BCD6-F5634369E57B}.Debug|x86.ActiveCfg = Debug|Any CPU
		{62BFC3E2-6DC8-4EEE-BCD6-F5634369E57B}.Release|Any CPU.ActiveCfg = Release|Any CPU
		{62BFC3E2-6DC8-4EEE-BCD6-F5634369E57B}.Release|Any CPU.Build.0 = Release|Any CPU
		{62BFC3E2-6DC8-4EEE-BCD6-F5634369E57B}.Release|Mixed Platforms.ActiveCfg = Release|Any CPU
		{62BFC3E2-6DC8-4EEE-BCD6-F5634369E57B}.Release|Mixed Platforms.Build.0 = Release|Any CPU
		{62BFC3E2-6DC8-4EEE-BCD6-F5634369E57B}.Release|Win32.ActiveCfg = Release|Any CPU
		{62BFC3E2-6DC8-4EEE-BCD6-F5634369E57B}.Release|x86.ActiveCfg = Release|Any CPU
		{821BE302-634C-465E-9F9A-19DDCA139C9F}.Debug|Any CPU.ActiveCfg = Debug|Any CPU
		{821BE302-634C-465E-9F9A-19DDCA139C9F}.Debug|Any CPU.Build.0 = Debug|Any CPU
		{821BE302-634C-465E-9F9A-19DDCA139C9F}.Debug|Mixed Platforms.ActiveCfg = Debug|Any CPU
		{821BE302-634C-465E-9F9A-19DDCA139C9F}.Debug|Mixed Platforms.Build.0 = Debug|Any CPU
		{821BE302-634C-465E-9F9A-19DDCA139C9F}.Debug|Win32.ActiveCfg = Debug|Any CPU
		{821BE302-634C-465E-9F9A-19DDCA139C9F}.Debug|x86.ActiveCfg = Debug|Any CPU
		{821BE302-634C-465E-9F9A-19DDCA139C9F}.Release|Any CPU.ActiveCfg = Release|Any CPU
		{821BE302-634C-465E-9F9A-19DDCA139C9F}.Release|Any CPU.Build.0 = Release|Any CPU
		{821BE302-634C-465E-9F9A-19DDCA139C9F}.Release|Mixed Platforms.ActiveCfg = Release|Any CPU
		{821BE302-634C-465E-9F9A-19DDCA139C9F}.Release|Mixed Platforms.Build.0 = Release|Any CPU
		{821BE302-634C-465E-9F9A-19DDCA139C9F}.Release|Win32.ActiveCfg = Release|Any CPU
		{821BE302-634C-465E-9F9A-19DDCA139C9F}.Release|x86.ActiveCfg = Release|Any CPU
		{94495D92-B615-4745-B26B-A5EC73A6A462}.Debug|Any CPU.ActiveCfg = Debug|Any CPU
		{94495D92-B615-4745-B26B-A5EC73A6A462}.Debug|Any CPU.Build.0 = Debug|Any CPU
		{94495D92-B615-4745-B26B-A5EC73A6A462}.Debug|Mixed Platforms.ActiveCfg = Debug|Any CPU
		{94495D92-B615-4745-B26B-A5EC73A6A462}.Debug|Mixed Platforms.Build.0 = Debug|Any CPU
		{94495D92-B615-4745-B26B-A5EC73A6A462}.Debug|Win32.ActiveCfg = Debug|Any CPU
		{94495D92-B615-4745-B26B-A5EC73A6A462}.Debug|x86.ActiveCfg = Debug|Any CPU
		{94495D92-B615-4745-B26B-A5EC73A6A462}.Release|Any CPU.ActiveCfg = Release|Any CPU
		{94495D92-B615-4745-B26B-A5EC73A6A462}.Release|Any CPU.Build.0 = Release|Any CPU
		{94495D92-B615-4745-B26B-A5EC73A6A462}.Release|Mixed Platforms.ActiveCfg = Release|Any CPU
		{94495D92-B615-4745-B26B-A5EC73A6A462}.Release|Mixed Platforms.Build.0 = Release|Any CPU
		{94495D92-B615-4745-B26B-A5EC73A6A462}.Release|Win32.ActiveCfg = Release|Any CPU
		{94495D92-B615-4745-B26B-A5EC73A6A462}.Release|x86.ActiveCfg = Release|Any CPU
		{DB416047-7207-4816-8DB6-2182BE2E1104}.Debug|Any CPU.ActiveCfg = Debug|Any CPU
		{DB416047-7207-4816-8DB6-2182BE2E1104}.Debug|Any CPU.Build.0 = Debug|Any CPU
		{DB416047-7207-4816-8DB6-2182BE2E1104}.Debug|Mixed Platforms.ActiveCfg = Debug|Any CPU
		{DB416047-7207-4816-8DB6-2182BE2E1104}.Debug|Mixed Platforms.Build.0 = Debug|Any CPU
		{DB416047-7207-4816-8DB6-2182BE2E1104}.Debug|Win32.ActiveCfg = Debug|Any CPU
		{DB416047-7207-4816-8DB6-2182BE2E1104}.Debug|x86.ActiveCfg = Debug|Any CPU
		{DB416047-7207-4816-8DB6-2182BE2E1104}.Release|Any CPU.ActiveCfg = Release|Any CPU
		{DB416047-7207-4816-8DB6-2182BE2E1104}.Release|Any CPU.Build.0 = Release|Any CPU
		{DB416047-7207-4816-8DB6-2182BE2E1104}.Release|Mixed Platforms.ActiveCfg = Release|Any CPU
		{DB416047-7207-4816-8DB6-2182BE2E1104}.Release|Mixed Platforms.Build.0 = Release|Any CPU
		{DB416047-7207-4816-8DB6-2182BE2E1104}.Release|Win32.ActiveCfg = Release|Any CPU
		{DB416047-7207-4816-8DB6-2182BE2E1104}.Release|x86.ActiveCfg = Release|Any CPU
		{6094FC85-8CE9-4716-9255-41C428F3B9EA}.Debug|Any CPU.ActiveCfg = Debug|Win32
		{6094FC85-8CE9-4716-9255-41C428F3B9EA}.Debug|Mixed Platforms.ActiveCfg = Debug|Win32
		{6094FC85-8CE9-4716-9255-41C428F3B9EA}.Debug|Mixed Platforms.Build.0 = Debug|Win32
		{6094FC85-8CE9-4716-9255-41C428F3B9EA}.Debug|Win32.ActiveCfg = Debug|Win32
		{6094FC85-8CE9-4716-9255-41C428F3B9EA}.Debug|Win32.Build.0 = Debug|Win32
		{6094FC85-8CE9-4716-9255-41C428F3B9EA}.Debug|x86.ActiveCfg = Debug|Win32
		{6094FC85-8CE9-4716-9255-41C428F3B9EA}.Debug|x86.Build.0 = Debug|Win32
		{6094FC85-8CE9-4716-9255-41C428F3B9EA}.Release|Any CPU.ActiveCfg = Release|Win32
		{6094FC85-8CE9-4716-9255-41C428F3B9EA}.Release|Mixed Platforms.ActiveCfg = Release|Win32
		{6094FC85-8CE9-4716-9255-41C428F3B9EA}.Release|Mixed Platforms.Build.0 = Release|Win32
		{6094FC85-8CE9-4716-9255-41C428F3B9EA}.Release|Win32.ActiveCfg = Release|Win32
		{6094FC85-8CE9-4716-9255-41C428F3B9EA}.Release|Win32.Build.0 = Release|Win32
		{6094FC85-8CE9-4716-9255-41C428F3B9EA}.Release|x86.ActiveCfg = Release|Win32
		{6094FC85-8CE9-4716-9255-41C428F3B9EA}.Release|x86.Build.0 = Release|Win32
		{2F960476-565F-4282-90B3-606DBAC5EFF2}.Debug|Any CPU.ActiveCfg = Debug|Any CPU
		{2F960476-565F-4282-90B3-606DBAC5EFF2}.Debug|Any CPU.Build.0 = Debug|Any CPU
		{2F960476-565F-4282-90B3-606DBAC5EFF2}.Debug|Mixed Platforms.ActiveCfg = Debug|Any CPU
		{2F960476-565F-4282-90B3-606DBAC5EFF2}.Debug|Mixed Platforms.Build.0 = Debug|Any CPU
		{2F960476-565F-4282-90B3-606DBAC5EFF2}.Debug|Win32.ActiveCfg = Debug|Any CPU
		{2F960476-565F-4282-90B3-606DBAC5EFF2}.Debug|Win32.Build.0 = Debug|Any CPU
		{2F960476-565F-4282-90B3-606DBAC5EFF2}.Debug|x86.ActiveCfg = Debug|Any CPU
		{2F960476-565F-4282-90B3-606DBAC5EFF2}.Debug|x86.Build.0 = Debug|Any CPU
		{2F960476-565F-4282-90B3-606DBAC5EFF2}.Release|Any CPU.ActiveCfg = Release|Any CPU
		{2F960476-565F-4282-90B3-606DBAC5EFF2}.Release|Any CPU.Build.0 = Release|Any CPU
		{2F960476-565F-4282-90B3-606DBAC5EFF2}.Release|Mixed Platforms.ActiveCfg = Release|Any CPU
		{2F960476-565F-4282-90B3-606DBAC5EFF2}.Release|Mixed Platforms.Build.0 = Release|Any CPU
		{2F960476-565F-4282-90B3-606DBAC5EFF2}.Release|Win32.ActiveCfg = Release|Any CPU
		{2F960476-565F-4282-90B3-606DBAC5EFF2}.Release|Win32.Build.0 = Release|Any CPU
		{2F960476-565F-4282-90B3-606DBAC5EFF2}.Release|x86.ActiveCfg = Release|Any CPU
		{2F960476-565F-4282-90B3-606DBAC5EFF2}.Release|x86.Build.0 = Release|Any CPU
		{18B04AEE-C300-4139-A2DE-C3519CC24E94}.Debug|Any CPU.ActiveCfg = Debug|Any CPU
		{18B04AEE-C300-4139-A2DE-C3519CC24E94}.Debug|Any CPU.Build.0 = Debug|Any CPU
		{18B04AEE-C300-4139-A2DE-C3519CC24E94}.Debug|Mixed Platforms.ActiveCfg = Debug|Any CPU
		{18B04AEE-C300-4139-A2DE-C3519CC24E94}.Debug|Mixed Platforms.Build.0 = Debug|Any CPU
		{18B04AEE-C300-4139-A2DE-C3519CC24E94}.Debug|Win32.ActiveCfg = Debug|Any CPU
		{18B04AEE-C300-4139-A2DE-C3519CC24E94}.Debug|Win32.Build.0 = Debug|Any CPU
		{18B04AEE-C300-4139-A2DE-C3519CC24E94}.Debug|x86.ActiveCfg = Debug|Any CPU
		{18B04AEE-C300-4139-A2DE-C3519CC24E94}.Debug|x86.Build.0 = Debug|Any CPU
		{18B04AEE-C300-4139-A2DE-C3519CC24E94}.Release|Any CPU.ActiveCfg = Release|Any CPU
		{18B04AEE-C300-4139-A2DE-C3519CC24E94}.Release|Any CPU.Build.0 = Release|Any CPU
		{18B04AEE-C300-4139-A2DE-C3519CC24E94}.Release|Mixed Platforms.ActiveCfg = Release|Any CPU
		{18B04AEE-C300-4139-A2DE-C3519CC24E94}.Release|Mixed Platforms.Build.0 = Release|Any CPU
		{18B04AEE-C300-4139-A2DE-C3519CC24E94}.Release|Win32.ActiveCfg = Release|Any CPU
		{18B04AEE-C300-4139-A2DE-C3519CC24E94}.Release|Win32.Build.0 = Release|Any CPU
		{18B04AEE-C300-4139-A2DE-C3519CC24E94}.Release|x86.ActiveCfg = Release|Any CPU
		{18B04AEE-C300-4139-A2DE-C3519CC24E94}.Release|x86.Build.0 = Release|Any CPU
		{A35CB9D7-70B4-41E3-BBA8-7F8263AA3498}.Debug|Any CPU.ActiveCfg = Debug|Any CPU
		{A35CB9D7-70B4-41E3-BBA8-7F8263AA3498}.Debug|Any CPU.Build.0 = Debug|Any CPU
		{A35CB9D7-70B4-41E3-BBA8-7F8263AA3498}.Debug|Mixed Platforms.ActiveCfg = Debug|Any CPU
		{A35CB9D7-70B4-41E3-BBA8-7F8263AA3498}.Debug|Mixed Platforms.Build.0 = Debug|Any CPU
		{A35CB9D7-70B4-41E3-BBA8-7F8263AA3498}.Debug|Win32.ActiveCfg = Debug|Any CPU
		{A35CB9D7-70B4-41E3-BBA8-7F8263AA3498}.Debug|Win32.Build.0 = Debug|Any CPU
		{A35CB9D7-70B4-41E3-BBA8-7F8263AA3498}.Debug|x86.ActiveCfg = Debug|Any CPU
		{A35CB9D7-70B4-41E3-BBA8-7F8263AA3498}.Debug|x86.Build.0 = Debug|Any CPU
		{A35CB9D7-70B4-41E3-BBA8-7F8263AA3498}.Release|Any CPU.ActiveCfg = Release|Any CPU
		{A35CB9D7-70B4-41E3-BBA8-7F8263AA3498}.Release|Any CPU.Build.0 = Release|Any CPU
		{A35CB9D7-70B4-41E3-BBA8-7F8263AA3498}.Release|Mixed Platforms.ActiveCfg = Release|Any CPU
		{A35CB9D7-70B4-41E3-BBA8-7F8263AA3498}.Release|Mixed Platforms.Build.0 = Release|Any CPU
		{A35CB9D7-70B4-41E3-BBA8-7F8263AA3498}.Release|Win32.ActiveCfg = Release|Any CPU
		{A35CB9D7-70B4-41E3-BBA8-7F8263AA3498}.Release|Win32.Build.0 = Release|Any CPU
		{A35CB9D7-70B4-41E3-BBA8-7F8263AA3498}.Release|x86.ActiveCfg = Release|Any CPU
		{A35CB9D7-70B4-41E3-BBA8-7F8263AA3498}.Release|x86.Build.0 = Release|Any CPU
		{44920B63-4F4D-40E2-A652-66EA7EBD5E80}.Debug|Any CPU.ActiveCfg = Debug|Any CPU
		{44920B63-4F4D-40E2-A652-66EA7EBD5E80}.Debug|Any CPU.Build.0 = Debug|Any CPU
		{44920B63-4F4D-40E2-A652-66EA7EBD5E80}.Debug|Mixed Platforms.ActiveCfg = Debug|Any CPU
		{44920B63-4F4D-40E2-A652-66EA7EBD5E80}.Debug|Mixed Platforms.Build.0 = Debug|Any CPU
		{44920B63-4F4D-40E2-A652-66EA7EBD5E80}.Debug|Win32.ActiveCfg = Debug|Any CPU
		{44920B63-4F4D-40E2-A652-66EA7EBD5E80}.Debug|Win32.Build.0 = Debug|Any CPU
		{44920B63-4F4D-40E2-A652-66EA7EBD5E80}.Debug|x86.ActiveCfg = Debug|Any CPU
		{44920B63-4F4D-40E2-A652-66EA7EBD5E80}.Debug|x86.Build.0 = Debug|Any CPU
		{44920B63-4F4D-40E2-A652-66EA7EBD5E80}.Release|Any CPU.ActiveCfg = Release|Any CPU
		{44920B63-4F4D-40E2-A652-66EA7EBD5E80}.Release|Any CPU.Build.0 = Release|Any CPU
		{44920B63-4F4D-40E2-A652-66EA7EBD5E80}.Release|Mixed Platforms.ActiveCfg = Release|Any CPU
		{44920B63-4F4D-40E2-A652-66EA7EBD5E80}.Release|Mixed Platforms.Build.0 = Release|Any CPU
		{44920B63-4F4D-40E2-A652-66EA7EBD5E80}.Release|Win32.ActiveCfg = Release|Any CPU
		{44920B63-4F4D-40E2-A652-66EA7EBD5E80}.Release|Win32.Build.0 = Release|Any CPU
		{44920B63-4F4D-40E2-A652-66EA7EBD5E80}.Release|x86.ActiveCfg = Release|Any CPU
		{44920B63-4F4D-40E2-A652-66EA7EBD5E80}.Release|x86.Build.0 = Release|Any CPU
	EndGlobalSection
	GlobalSection(SolutionProperties) = preSolution
		HideSolutionNode = FALSE
	EndGlobalSection
	GlobalSection(MonoDevelopProperties) = preSolution
		StartupItem = Asn1f2\Asn1f2.csproj
	EndGlobalSection
	GlobalSection(TestCaseManagementSettings) = postSolution
		CategoryFile = Asn1.vsmdi
	EndGlobalSection
EndGlobal
