
Microsoft Visual Studio Solution File, Format Version 12.00
# Visual Studio Version 16
VisualStudioVersion = 16.0.31229.75
MinimumVisualStudioVersion = 10.0.40219.1
Project("{6EC3EE1D-3C4E-46DD-8F32-0CC8E7565705}") = "asn1scc", "asn1scc\asn1scc.fsproj", "{144D29C3-C0BD-4D2D-81EC-010B03E5532D}"
	ProjectSection(ProjectDependencies) = postProject
		{463CB02E-00DA-43EE-AE8C-C1345F035D08} = {463CB02E-00DA-43EE-AE8C-C1345F035D08}
		{E648B932-B5BA-4383-8681-D6988E10C954} = {E648B932-B5BA-4383-8681-D6988E10C954}
		{D2809183-CBF3-4291-AF6E-67A9931B5129} = {D2809183-CBF3-4291-AF6E-67A9931B5129}
		{E6F354A2-7365-453A-B88F-0B589B6844E8} = {E6F354A2-7365-453A-B88F-0B589B6844E8}
		{C53502CC-6A71-4664-BF91-1AFF5D49EC67} = {C53502CC-6A71-4664-BF91-1AFF5D49EC67}
	EndProjectSection
EndProject
Project("{9A19103F-16F7-4668-BE54-9A1E7A4F7556}") = "Antlr", "Antlr\Antlr.csproj", "{E648B932-B5BA-4383-8681-D6988E10C954}"
EndProject
Project("{9A19103F-16F7-4668-BE54-9A1E7A4F7556}") = "parseStg2", "parseStg2\parseStg2.csproj", "{463CB02E-00DA-43EE-AE8C-C1345F035D08}"
EndProject
Project("{6EC3EE1D-3C4E-46DD-8F32-0CC8E7565705}") = "ST", "ST\ST.fsproj", "{D96F44D5-DD4A-433F-B0D0-10680E01311C}"
EndProject
Project("{6EC3EE1D-3C4E-46DD-8F32-0CC8E7565705}") = "CommonTypes", "CommonTypes\CommonTypes.fsproj", "{D2809183-CBF3-4291-AF6E-67A9931B5129}"
EndProject
Project("{6EC3EE1D-3C4E-46DD-8F32-0CC8E7565705}") = "StgVarious", "StgVarious\StgVarious.fsproj", "{643494DD-76DD-4574-AF4C-394FEE80745E}"
EndProject
Project("{6EC3EE1D-3C4E-46DD-8F32-0CC8E7565705}") = "StgAda", "StgAda\StgAda.fsproj", "{71ACEEF0-1156-46CD-9C24-6A670B192AE2}"
EndProject
Project("{6EC3EE1D-3C4E-46DD-8F32-0CC8E7565705}") = "StgC", "StgC\StgC.fsproj", "{31FC3BF7-25A7-402F-991B-16C23375A32C}"
EndProject
Project("{6EC3EE1D-3C4E-46DD-8F32-0CC8E7565705}") = "FrontEndAst", "FrontEndAst\FrontEndAst.fsproj", "{C53502CC-6A71-4664-BF91-1AFF5D49EC67}"
EndProject
Project("{6EC3EE1D-3C4E-46DD-8F32-0CC8E7565705}") = "BackendAst", "BackendAst\BackendAst.fsproj", "{E6F354A2-7365-453A-B88F-0B589B6844E8}"
	ProjectSection(ProjectDependencies) = postProject
		{C53502CC-6A71-4664-BF91-1AFF5D49EC67} = {C53502CC-6A71-4664-BF91-1AFF5D49EC67}
	EndProjectSection
EndProject
Project("{6EC3EE1D-3C4E-46DD-8F32-0CC8E7565705}") = "Asn1sccWs", "Asn1sccWs\Asn1sccWs.fsproj", "{AD7DD189-E244-4228-B7E4-8756849096D0}"
EndProject
Project("{9A19103F-16F7-4668-BE54-9A1E7A4F7556}") = "Server", "lsp\Server\Server\Server.csproj", "{5637D206-32D6-440C-9007-11E74AFF91BB}"
EndProject
Global
	GlobalSection(SolutionConfigurationPlatforms) = preSolution
		Debug|Any CPU = Debug|Any CPU
		Release|Any CPU = Release|Any CPU
	EndGlobalSection
	GlobalSection(ProjectConfigurationPlatforms) = postSolution
		{144D29C3-C0BD-4D2D-81EC-010B03E5532D}.Debug|Any CPU.ActiveCfg = Debug|Any CPU
		{144D29C3-C0BD-4D2D-81EC-010B03E5532D}.Debug|Any CPU.Build.0 = Debug|Any CPU
		{144D29C3-C0BD-4D2D-81EC-010B03E5532D}.Release|Any CPU.ActiveCfg = Release|Any CPU
		{144D29C3-C0BD-4D2D-81EC-010B03E5532D}.Release|Any CPU.Build.0 = Release|Any CPU
		{E648B932-B5BA-4383-8681-D6988E10C954}.Debug|Any CPU.ActiveCfg = Debug|Any CPU
		{E648B932-B5BA-4383-8681-D6988E10C954}.Debug|Any CPU.Build.0 = Debug|Any CPU
		{E648B932-B5BA-4383-8681-D6988E10C954}.Release|Any CPU.ActiveCfg = Release|Any CPU
		{E648B932-B5BA-4383-8681-D6988E10C954}.Release|Any CPU.Build.0 = Release|Any CPU
		{463CB02E-00DA-43EE-AE8C-C1345F035D08}.Debug|Any CPU.ActiveCfg = Debug|Any CPU
		{463CB02E-00DA-43EE-AE8C-C1345F035D08}.Debug|Any CPU.Build.0 = Debug|Any CPU
		{463CB02E-00DA-43EE-AE8C-C1345F035D08}.Release|Any CPU.ActiveCfg = Release|Any CPU
		{463CB02E-00DA-43EE-AE8C-C1345F035D08}.Release|Any CPU.Build.0 = Release|Any CPU
		{D96F44D5-DD4A-433F-B0D0-10680E01311C}.Debug|Any CPU.ActiveCfg = Debug|Any CPU
		{D96F44D5-DD4A-433F-B0D0-10680E01311C}.Debug|Any CPU.Build.0 = Debug|Any CPU
		{D96F44D5-DD4A-433F-B0D0-10680E01311C}.Release|Any CPU.ActiveCfg = Release|Any CPU
		{D96F44D5-DD4A-433F-B0D0-10680E01311C}.Release|Any CPU.Build.0 = Release|Any CPU
		{D2809183-CBF3-4291-AF6E-67A9931B5129}.Debug|Any CPU.ActiveCfg = Debug|Any CPU
		{D2809183-CBF3-4291-AF6E-67A9931B5129}.Debug|Any CPU.Build.0 = Debug|Any CPU
		{D2809183-CBF3-4291-AF6E-67A9931B5129}.Release|Any CPU.ActiveCfg = Release|Any CPU
		{D2809183-CBF3-4291-AF6E-67A9931B5129}.Release|Any CPU.Build.0 = Release|Any CPU
		{643494DD-76DD-4574-AF4C-394FEE80745E}.Debug|Any CPU.ActiveCfg = Debug|Any CPU
		{643494DD-76DD-4574-AF4C-394FEE80745E}.Debug|Any CPU.Build.0 = Debug|Any CPU
		{643494DD-76DD-4574-AF4C-394FEE80745E}.Release|Any CPU.ActiveCfg = Release|Any CPU
		{643494DD-76DD-4574-AF4C-394FEE80745E}.Release|Any CPU.Build.0 = Release|Any CPU
		{71ACEEF0-1156-46CD-9C24-6A670B192AE2}.Debug|Any CPU.ActiveCfg = Debug|Any CPU
		{71ACEEF0-1156-46CD-9C24-6A670B192AE2}.Debug|Any CPU.Build.0 = Debug|Any CPU
		{71ACEEF0-1156-46CD-9C24-6A670B192AE2}.Release|Any CPU.ActiveCfg = Release|Any CPU
		{71ACEEF0-1156-46CD-9C24-6A670B192AE2}.Release|Any CPU.Build.0 = Release|Any CPU
		{31FC3BF7-25A7-402F-991B-16C23375A32C}.Debug|Any CPU.ActiveCfg = Debug|Any CPU
		{31FC3BF7-25A7-402F-991B-16C23375A32C}.Debug|Any CPU.Build.0 = Debug|Any CPU
		{31FC3BF7-25A7-402F-991B-16C23375A32C}.Release|Any CPU.ActiveCfg = Release|Any CPU
		{31FC3BF7-25A7-402F-991B-16C23375A32C}.Release|Any CPU.Build.0 = Release|Any CPU
		{C53502CC-6A71-4664-BF91-1AFF5D49EC67}.Debug|Any CPU.ActiveCfg = Debug|Any CPU
		{C53502CC-6A71-4664-BF91-1AFF5D49EC67}.Debug|Any CPU.Build.0 = Debug|Any CPU
		{C53502CC-6A71-4664-BF91-1AFF5D49EC67}.Release|Any CPU.ActiveCfg = Release|Any CPU
		{C53502CC-6A71-4664-BF91-1AFF5D49EC67}.Release|Any CPU.Build.0 = Release|Any CPU
		{E6F354A2-7365-453A-B88F-0B589B6844E8}.Debug|Any CPU.ActiveCfg = Debug|Any CPU
		{E6F354A2-7365-453A-B88F-0B589B6844E8}.Debug|Any CPU.Build.0 = Debug|Any CPU
		{E6F354A2-7365-453A-B88F-0B589B6844E8}.Release|Any CPU.ActiveCfg = Release|Any CPU
		{E6F354A2-7365-453A-B88F-0B589B6844E8}.Release|Any CPU.Build.0 = Release|Any CPU
		{AD7DD189-E244-4228-B7E4-8756849096D0}.Debug|Any CPU.ActiveCfg = Debug|Any CPU
		{AD7DD189-E244-4228-B7E4-8756849096D0}.Debug|Any CPU.Build.0 = Debug|Any CPU
		{AD7DD189-E244-4228-B7E4-8756849096D0}.Release|Any CPU.ActiveCfg = Release|Any CPU
		{AD7DD189-E244-4228-B7E4-8756849096D0}.Release|Any CPU.Build.0 = Release|Any CPU
		{5637D206-32D6-440C-9007-11E74AFF91BB}.Debug|Any CPU.ActiveCfg = Debug|Any CPU
		{5637D206-32D6-440C-9007-11E74AFF91BB}.Debug|Any CPU.Build.0 = Debug|Any CPU
		{5637D206-32D6-440C-9007-11E74AFF91BB}.Release|Any CPU.ActiveCfg = Release|Any CPU
		{5637D206-32D6-440C-9007-11E74AFF91BB}.Release|Any CPU.Build.0 = Release|Any CPU
	EndGlobalSection
	GlobalSection(SolutionProperties) = preSolution
		HideSolutionNode = FALSE
	EndGlobalSection
	GlobalSection(ExtensibilityGlobals) = postSolution
		SolutionGuid = {257CF62D-31FE-4325-899E-BAD6DB9BA2DE}
	EndGlobalSection
EndGlobal
